{
  "requires": true,
  "lockfileVersion": 1,
  "dependencies": {
    "@jaeseokk/chunk-scheduler": {
      "version": "0.0.1",
      "resolved": "https://registry.npmjs.org/@jaeseokk/chunk-scheduler/-/chunk-scheduler-0.0.1.tgz",
      "integrity": "sha512-qLTUwcIIUJuu1uYfrG5Nv30lzxFudxfja2I5zvrTruq8hZhOfMJ5OELmdlaTMvXeUdJfhU04fJ/YoDwizj3Rmw=="
    }
  }
}
